
Microsoft Visual Studio Solution File, Format Version 12.00
# Visual Studio Version 17
VisualStudioVersion = 17.11.35431.28
MinimumVisualStudioVersion = 10.0.40219.1
Project("{FAE04EC0-301F-11D3-BF4B-00C04F79EFBC}") = "RequestManagementWeb", "RequestManagementWeb.csproj", "{C968555E-0282-421C-B07B-EBBB4A0F98CC}"
EndProject
Global
	GlobalSection(SolutionConfigurationPlatforms) = preSolution
		Debug|Any CPU = Debug|Any CPU
		Release|Any CPU = Release|Any CPU
	EndGlobalSection
	GlobalSection(ProjectConfigurationPlatforms) = postSolution
		{C968555E-0282-421C-B07B-EBBB4A0F98CC}.Debug|Any CPU.ActiveCfg = Debug|Any CPU
		{C968555E-0282-421C-B07B-EBBB4A0F98CC}.Debug|Any CPU.Build.0 = Debug|Any CPU
		{C968555E-0282-421C-B07B-EBBB4A0F98CC}.Release|Any CPU.ActiveCfg = Release|Any CPU
		{C968555E-0282-421C-B07B-EBBB4A0F98CC}.Release|Any CPU.Build.0 = Release|Any CPU
	EndGlobalSection
	GlobalSection(SolutionProperties) = preSolution
		HideSolutionNode = FALSE
	EndGlobalSection
	GlobalSection(ExtensibilityGlobals) = postSolution
		SolutionGuid = {923D913E-F380-48F5-A11B-E1D8AC747F6E}
	EndGlobalSection
EndGlobal
